#MicroXplorer Configuration settings - do not modify
ADC1.Channel-1\#ChannelRegularConversion=ADC_CHANNEL_7
ADC1.Channel-6\#ChannelRegularConversion=ADC_CHANNEL_8
ADC1.Channel-7\#ChannelRegularConversion=ADC_CHANNEL_TEMPSENSOR
ADC1.ClockPrescaler=ADC_CLOCK_SYNC_PCLK_DIV4
ADC1.ContinuousConvMode=ENABLE
ADC1.DMAContinuousRequests=ENABLE
ADC1.IPParameters=Rank-1\#ChannelRegularConversion,Channel-1\#ChannelRegularConversion,SamplingTime-1\#ChannelRegularConversion,NbrOfConversionFlag,NbrOfConversion,ContinuousConvMode,SamplingTimeCommon2,SamplingTimeCommon1,ClockPrescaler,Rank-6\#ChannelRegularConversion,Channel-6\#ChannelRegularConversion,SamplingTime-6\#ChannelRegularConversion,Rank-7\#ChannelRegularConversion,Channel-7\#ChannelRegularConversion,SamplingTime-7\#ChannelRegularConversion,DMAContinuousRequests,master,SelectedChannel
ADC1.NbrOfConversion=3
ADC1.NbrOfConversionFlag=1
ADC1.Rank-1\#ChannelRegularConversion=1
ADC1.Rank-6\#ChannelRegularConversion=2
ADC1.Rank-7\#ChannelRegularConversion=3
ADC1.SamplingTime-1\#ChannelRegularConversion=ADC_SAMPLINGTIME_COMMON_1
ADC1.SamplingTime-6\#ChannelRegularConversion=ADC_SAMPLINGTIME_COMMON_1
ADC1.SamplingTime-7\#ChannelRegularConversion=ADC_SAMPLINGTIME_COMMON_1
ADC1.SamplingTimeCommon1=ADC_SAMPLETIME_160CYCLES_5
ADC1.SamplingTimeCommon2=ADC_SAMPLETIME_160CYCLES_5
ADC1.SelectedChannel=ADC_CHANNEL_7|ADC_CHANNEL_TEMPSENSOR|ADC_CHANNEL_VREFINT|ADC_CHANNEL_8
ADC1.master=1
CAD.formats=
CAD.pinconfig=
CAD.provider=
Dma.ADC1.1.Direction=DMA_PERIPH_TO_MEMORY
Dma.ADC1.1.EventEnable=DISABLE
Dma.ADC1.1.Instance=DMA1_Channel1
Dma.ADC1.1.MemDataAlignment=DMA_MDATAALIGN_WORD
Dma.ADC1.1.MemInc=DMA_MINC_ENABLE
Dma.ADC1.1.Mode=DMA_CIRCULAR
Dma.ADC1.1.PeriphDataAlignment=DMA_PDATAALIGN_WORD
Dma.ADC1.1.PeriphInc=DMA_PINC_DISABLE
Dma.ADC1.1.Polarity=HAL_DMAMUX_REQ_GEN_RISING
Dma.ADC1.1.Priority=DMA_PRIORITY_LOW
Dma.ADC1.1.RequestNumber=1
Dma.ADC1.1.RequestParameters=Instance,Direction,PeriphInc,MemInc,PeriphDataAlignment,MemDataAlignment,Mode,Priority,SignalID,Polarity,RequestNumber,SyncSignalID,SyncPolarity,SyncEnable,EventEnable,SyncRequestNumber
Dma.ADC1.1.SignalID=NONE
Dma.ADC1.1.SyncEnable=DISABLE
Dma.ADC1.1.SyncPolarity=HAL_DMAMUX_SYNC_NO_EVENT
Dma.ADC1.1.SyncRequestNumber=1
Dma.ADC1.1.SyncSignalID=NONE
Dma.Request0=USART1_TX
Dma.Request1=ADC1
Dma.RequestsNb=2
Dma.USART1_TX.0.Direction=DMA_MEMORY_TO_PERIPH
Dma.USART1_TX.0.EventEnable=DISABLE
Dma.USART1_TX.0.Instance=DMA1_Channel3
Dma.USART1_TX.0.MemDataAlignment=DMA_MDATAALIGN_BYTE
Dma.USART1_TX.0.MemInc=DMA_MINC_ENABLE
Dma.USART1_TX.0.Mode=DMA_NORMAL
Dma.USART1_TX.0.PeriphDataAlignment=DMA_PDATAALIGN_BYTE
Dma.USART1_TX.0.PeriphInc=DMA_PINC_DISABLE
Dma.USART1_TX.0.Polarity=HAL_DMAMUX_REQ_GEN_RISING
Dma.USART1_TX.0.Priority=DMA_PRIORITY_MEDIUM
Dma.USART1_TX.0.RequestNumber=1
Dma.USART1_TX.0.RequestParameters=Instance,Direction,PeriphInc,MemInc,PeriphDataAlignment,MemDataAlignment,Mode,Priority,SignalID,Polarity,RequestNumber,SyncSignalID,SyncPolarity,SyncEnable,EventEnable,SyncRequestNumber
Dma.USART1_TX.0.SignalID=NONE
Dma.USART1_TX.0.SyncEnable=DISABLE
Dma.USART1_TX.0.SyncPolarity=HAL_DMAMUX_SYNC_NO_EVENT
Dma.USART1_TX.0.SyncRequestNumber=1
Dma.USART1_TX.0.SyncSignalID=NONE
File.Version=6
GPIO.groupedBy=Group By Peripherals
I2C2.IPParameters=Timing
I2C2.Timing=0x10B17DB5
IWDG.IPParameters=Prescaler,Reload
IWDG.Prescaler=IWDG_PRESCALER_64
IWDG.Reload=4095
KeepUserPlacement=false
Mcu.CPN=STM32G031G8U6
Mcu.Family=STM32G0
Mcu.IP0=ADC1
Mcu.IP1=DMA
Mcu.IP2=I2C2
Mcu.IP3=IWDG
Mcu.IP4=NVIC
Mcu.IP5=RCC
Mcu.IP6=SYS
Mcu.IP7=TIM16
Mcu.IP8=TIM17
Mcu.IP9=USART1
Mcu.IPNb=10
Mcu.Name=STM32G031G(4-6-8)Ux
Mcu.Package=UFQFPN28
Mcu.Pin0=PA7
Mcu.Pin1=PB0
Mcu.Pin10=VP_ADC1_TempSens_Input
Mcu.Pin11=VP_ADC1_Vref_Input
Mcu.Pin12=VP_IWDG_VS_IWDG
Mcu.Pin13=VP_SYS_VS_Systick
Mcu.Pin14=VP_TIM16_VS_ClockSourceINT
Mcu.Pin15=VP_TIM17_VS_ClockSourceINT
Mcu.Pin2=PB1
Mcu.Pin3=PA8
Mcu.Pin4=PA11 [PA9]
Mcu.Pin5=PA12 [PA10]
Mcu.Pin6=PA13
Mcu.Pin7=PA14-BOOT0
Mcu.Pin8=PB6
Mcu.Pin9=PB7
Mcu.PinsNb=16
Mcu.ThirdPartyNb=0
Mcu.UserConstants=
Mcu.UserName=STM32G031G8Ux
MxCube.Version=6.12.1
MxDb.Version=DB.6.0.121
NVIC.ADC1_IRQn=true\:0\:0\:false\:false\:true\:true\:true\:true
NVIC.DMA1_Channel1_IRQn=true\:0\:0\:false\:false\:true\:false\:true\:true
NVIC.DMA1_Channel2_3_IRQn=true\:0\:0\:false\:false\:true\:false\:true\:true
NVIC.EXTI0_1_IRQn=true\:0\:0\:false\:false\:true\:true\:true\:true
NVIC.ForceEnableDMAVector=true
NVIC.HardFault_IRQn=true\:0\:0\:false\:false\:true\:false\:false\:false
NVIC.NonMaskableInt_IRQn=true\:0\:0\:false\:false\:true\:false\:false\:false
NVIC.PendSV_IRQn=true\:0\:0\:false\:false\:true\:false\:false\:false
NVIC.SVC_IRQn=true\:0\:0\:false\:false\:true\:false\:false\:true
NVIC.SysTick_IRQn=true\:3\:0\:false\:false\:true\:false\:true\:false
NVIC.TIM16_IRQn=true\:0\:0\:false\:false\:true\:true\:true\:true
NVIC.TIM17_IRQn=true\:0\:0\:false\:false\:true\:true\:true\:true
NVIC.USART1_IRQn=true\:0\:0\:false\:false\:true\:true\:true\:true
PA11\ [PA9].Mode=I2C
PA11\ [PA9].Signal=I2C2_SCL
PA12\ [PA10].Mode=I2C
PA12\ [PA10].Signal=I2C2_SDA
PA13.Mode=Serial_Wire
PA13.Signal=SYS_SWDIO
PA14-BOOT0.Mode=Serial_Wire
PA14-BOOT0.Signal=SYS_SWCLK
PA7.Locked=true
PA7.Mode=IN7
PA7.Signal=ADC1_IN7
PA8.GPIOParameters=PinState,GPIO_PuPd,GPIO_Label
PA8.GPIO_Label=XG
PA8.GPIO_PuPd=GPIO_PULLUP
PA8.Locked=true
PA8.PinState=GPIO_PIN_SET
PA8.Signal=GPIO_Output
PB0.Locked=true
PB0.Mode=IN8
PB0.Signal=ADC1_IN8
PB1.GPIOParameters=GPIO_PuPd,GPIO_Label,GPIO_ModeDefaultEXTI
PB1.GPIO_Label=KEY
PB1.GPIO_ModeDefaultEXTI=GPIO_MODE_IT_RISING_FALLING
PB1.GPIO_PuPd=GPIO_PULLUP
PB1.Locked=true
PB1.Signal=GPXTI1
PB6.Locked=true
PB6.Mode=Asynchronous
PB6.Signal=USART1_TX
PB7.Locked=true
PB7.Mode=Asynchronous
PB7.Signal=USART1_RX
PinOutPanel.RotationAngle=0
ProjectManager.AskForMigrate=true
ProjectManager.BackupPrevious=false
ProjectManager.CompilerOptimize=6
ProjectManager.ComputerToolchain=false
ProjectManager.CoupleFile=true
ProjectManager.CustomerFirmwarePackage=
ProjectManager.DefaultFWLocation=true
ProjectManager.DeletePrevious=true
ProjectManager.DeviceId=STM32G031G8Ux
ProjectManager.FirmwarePackage=STM32Cube FW_G0 V1.6.2
ProjectManager.FreePins=false
ProjectManager.HalAssertFull=false
ProjectManager.HeapSize=0x200
ProjectManager.KeepUserCode=true
ProjectManager.LastFirmware=true
ProjectManager.LibraryCopy=1
ProjectManager.MainLocation=Core/Src
ProjectManager.NoMain=false
ProjectManager.PreviousToolchain=
ProjectManager.ProjectBuild=false
ProjectManager.ProjectFileName=CMake_STM32G031G8U6.ioc
ProjectManager.ProjectName=CMake_STM32G031G8U6
ProjectManager.ProjectStructure=
ProjectManager.RegisterCallBack=
ProjectManager.StackSize=0x400
ProjectManager.TargetToolchain=CMake
ProjectManager.ToolChainLocation=
ProjectManager.UAScriptAfterPath=
ProjectManager.UAScriptBeforePath=
ProjectManager.UnderRoot=false
ProjectManager.functionlistsort=1-SystemClock_Config-RCC-false-HAL-false,2-MX_GPIO_Init-GPIO-false-HAL-true,3-MX_DMA_Init-DMA-false-HAL-true,4-MX_USART1_UART_Init-USART1-false-HAL-true,5-MX_ADC1_Init-ADC1-false-HAL-true,6-MX_I2C2_Init-I2C2-false-HAL-true,7-MX_IWDG_Init-IWDG-false-HAL-true,8-MX_TIM17_Init-TIM17-false-HAL-true,9-MX_TIM16_Init-TIM16-false-HAL-true
RCC.ADCFreq_Value=64000000
RCC.AHBFreq_Value=64000000
RCC.APBFreq_Value=64000000
RCC.APBTimFreq_Value=64000000
RCC.CortexFreq_Value=64000000
RCC.EXTERNAL_CLOCK_VALUE=12288000
RCC.FCLKCortexFreq_Value=64000000
RCC.FamilyName=M
RCC.HCLKFreq_Value=64000000
RCC.HSE_VALUE=8000000
RCC.HSI_VALUE=16000000
RCC.I2C1Freq_Value=64000000
RCC.I2S1Freq_Value=64000000
RCC.IPParameters=ADCFreq_Value,AHBFreq_Value,APBFreq_Value,APBTimFreq_Value,CortexFreq_Value,EXTERNAL_CLOCK_VALUE,FCLKCortexFreq_Value,FamilyName,HCLKFreq_Value,HSE_VALUE,HSI_VALUE,I2C1Freq_Value,I2S1Freq_Value,LPTIM1Freq_Value,LPTIM2Freq_Value,LPUART1Freq_Value,LSCOPinFreq_Value,LSE_VALUE,LSI_VALUE,MCO1PinFreq_Value,PLLP,PLLPoutputFreq_Value,PLLQoutputFreq_Value,PLLRCLKFreq_Value,PWRFreq_Value,SYSCLKFreq_VALUE,SYSCLKSource,TIM1Freq_Value,USART1CLockSelection,USART1Freq_Value,VCOInputFreq_Value,VCOOutputFreq_Value
RCC.LPTIM1Freq_Value=64000000
RCC.LPTIM2Freq_Value=64000000
RCC.LPUART1Freq_Value=64000000
RCC.LSCOPinFreq_Value=32000
RCC.LSE_VALUE=32768
RCC.LSI_VALUE=32000
RCC.MCO1PinFreq_Value=64000000
RCC.PLLP=RCC_PLLP_DIV4
RCC.PLLPoutputFreq_Value=32000000
RCC.PLLQoutputFreq_Value=64000000
RCC.PLLRCLKFreq_Value=64000000
RCC.PWRFreq_Value=64000000
RCC.SYSCLKFreq_VALUE=64000000
RCC.SYSCLKSource=RCC_SYSCLKSOURCE_PLLCLK
RCC.TIM1Freq_Value=64000000
RCC.USART1CLockSelection=RCC_USART1CLKSOURCE_HSI
RCC.USART1Freq_Value=16000000
RCC.VCOInputFreq_Value=16000000
RCC.VCOOutputFreq_Value=128000000
SH.GPXTI1.0=GPIO_EXTI1
SH.GPXTI1.ConfNb=1
TIM16.AutoReloadPreload=TIM_AUTORELOAD_PRELOAD_ENABLE
TIM16.IPParameters=Prescaler,Period,AutoReloadPreload
TIM16.Period=1952*5
TIM16.Prescaler=32768
TIM17.AutoReloadPreload=TIM_AUTORELOAD_PRELOAD_ENABLE
TIM17.IPParameters=Prescaler,Period,AutoReloadPreload
TIM17.Period=1952*1.5
TIM17.Prescaler=32768
USART1.IPParameters=VirtualMode-Asynchronous
USART1.VirtualMode-Asynchronous=VM_ASYNC
VP_ADC1_TempSens_Input.Mode=IN-TempSens
VP_ADC1_TempSens_Input.Signal=ADC1_TempSens_Input
VP_ADC1_Vref_Input.Mode=IN-Vrefint
VP_ADC1_Vref_Input.Signal=ADC1_Vref_Input
VP_IWDG_VS_IWDG.Mode=IWDG_Activate
VP_IWDG_VS_IWDG.Signal=IWDG_VS_IWDG
VP_SYS_VS_Systick.Mode=SysTick
VP_SYS_VS_Systick.Signal=SYS_VS_Systick
VP_TIM16_VS_ClockSourceINT.Mode=Enable_Timer
VP_TIM16_VS_ClockSourceINT.Signal=TIM16_VS_ClockSourceINT
VP_TIM17_VS_ClockSourceINT.Mode=Enable_Timer
VP_TIM17_VS_ClockSourceINT.Signal=TIM17_VS_ClockSourceINT
board=custom
